
Microsoft Visual Studio Solution File, Format Version 12.00
# Visual Studio 15
VisualStudioVersion = 15.0.27703.2026
MinimumVisualStudioVersion = 10.0.40219.1
Project("{FAE04EC0-301F-11D3-BF4B-00C04F79EFBC}") = "DataBaseChecker", "DataBaseChecker\DataBaseChecker.csproj", "{CC2904FF-1A7B-4AAD-9F74-A43627AE8E48}"
EndProject
Global
	GlobalSection(SolutionConfigurationPlatforms) = preSolution
		Debug|Any CPU = Debug|Any CPU
		Release|Any CPU = Release|Any CPU
	EndGlobalSection
	GlobalSection(ProjectConfigurationPlatforms) = postSolution
		{CC2904FF-1A7B-4AAD-9F74-A43627AE8E48}.Debug|Any CPU.ActiveCfg = Debug|Any CPU
		{CC2904FF-1A7B-4AAD-9F74-A43627AE8E48}.Debug|Any CPU.Build.0 = Debug|Any CPU
		{CC2904FF-1A7B-4AAD-9F74-A43627AE8E48}.Release|Any CPU.ActiveCfg = Release|Any CPU
		{CC2904FF-1A7B-4AAD-9F74-A43627AE8E48}.Release|Any CPU.Build.0 = Release|Any CPU
	EndGlobalSection
	GlobalSection(SolutionProperties) = preSolution
		HideSolutionNode = FALSE
	EndGlobalSection
	GlobalSection(ExtensibilityGlobals) = postSolution
		SolutionGuid = {882528B1-2A5C-448A-97E2-455FB9BC62ED}
	EndGlobalSection
EndGlobal
